
Microsoft Visual Studio Solution File, Format Version 12.00
# Visual Studio 14
VisualStudioVersion = 14.0.25420.1
MinimumVisualStudioVersion = 10.0.40219.1
Project("{2150E333-8FDC-42A3-9474-1A3956D46DE8}") = "src", "src", "{192C7E7E-95BB-47D1-B043-9CE0E3709FAD}"
EndProject
Project("{2150E333-8FDC-42A3-9474-1A3956D46DE8}") = "Solution Items", "Solution Items", "{53646943-EE33-4CF9-891C-501949CAAB2E}"
	ProjectSection(SolutionItems) = preProject
		global.json = global.json
	EndProjectSection
EndProject
Project("{8BB2217D-0F2D-49D1-97BC-3654ED321F3B}") = "Sakura.AspNetCore.Authentication.ExternalCookie", "src\Sakura.AspNetCore.Authentication.ExternalCookie\Sakura.AspNetCore.Authentication.ExternalCookie.xproj", "{5150735D-1BB6-48D0-AE5F-0B1A83C6AA1F}"
EndProject
Project("{8BB2217D-0F2D-49D1-97BC-3654ED321F3B}") = "Sakura.AspNetCore.Messages", "src\Sakura.AspNetCore.Messages\Sakura.AspNetCore.Messages.xproj", "{F579A0A9-A90C-4944-BEE6-7B180E2399DB}"
EndProject
Project("{8BB2217D-0F2D-49D1-97BC-3654ED321F3B}") = "Sakura.AspNetCore.Messages.Abstractions", "src\Sakura.AspNetCore.Messages.Abstractions\Sakura.AspNetCore.Messages.Abstractions.xproj", "{A555CBF3-A371-4D61-A340-5FC436FC4E39}"
EndProject
Project("{8BB2217D-0F2D-49D1-97BC-3654ED321F3B}") = "Sakura.AspNetCore.Mvc.Messages", "src\Sakura.AspNetCore.Mvc.Messages\Sakura.AspNetCore.Mvc.Messages.xproj", "{231AA810-37C5-4E4C-ACD8-DFAF43164A76}"
EndProject
Project("{8BB2217D-0F2D-49D1-97BC-3654ED321F3B}") = "Sakura.AspNetCore.Mvc.PagedList", "src\Sakura.AspNetCore.Mvc.PagedList\Sakura.AspNetCore.Mvc.PagedList.xproj", "{7C00AB22-9D6D-4CB1-B172-E9C501EEA775}"
EndProject
Project("{8BB2217D-0F2D-49D1-97BC-3654ED321F3B}") = "Sakura.AspNetCore.Mvc.TagHelpers", "src\Sakura.AspNetCore.Mvc.TagHelpers\Sakura.AspNetCore.Mvc.TagHelpers.xproj", "{A7A98B38-3907-4E2B-9256-5C0B0DF3903F}"
EndProject
Project("{8BB2217D-0F2D-49D1-97BC-3654ED321F3B}") = "Sakura.AspNetCore.Mvc.TempDataExtensions", "src\Sakura.AspNetCore.Mvc.TempDataExtensions\Sakura.AspNetCore.Mvc.TempDataExtensions.xproj", "{37E19525-73C6-4E31-AE95-F402BB25953F}"
EndProject
Project("{8BB2217D-0F2D-49D1-97BC-3654ED321F3B}") = "Sakura.AspNetCore.PagedList", "src\Sakura.AspNetCore.PagedList\Sakura.AspNetCore.PagedList.xproj", "{74BD7E99-61EB-444C-8002-CD49818407DC}"
EndProject
Project("{8BB2217D-0F2D-49D1-97BC-3654ED321F3B}") = "Sakura.AspNetCore.PagedList.Abstractions", "src\Sakura.AspNetCore.PagedList.Abstractions\Sakura.AspNetCore.PagedList.Abstractions.xproj", "{80B99D95-B448-4ABB-AE65-408614FAE0FB}"
EndProject
Project("{8BB2217D-0F2D-49D1-97BC-3654ED321F3B}") = "Sakura.AspNetCore.Mvc.ActionResultExceptionExtensions", "src\Sakura.AspNetCore.Mvc.ActionResultExceptionExtensions\Sakura.AspNetCore.Mvc.ActionResultExceptionExtensions.xproj", "{07D7E7CF-F66A-4F0D-B061-1136B3BFC16B}"
EndProject
Global
	GlobalSection(SolutionConfigurationPlatforms) = preSolution
		Debug|Any CPU = Debug|Any CPU
		Release|Any CPU = Release|Any CPU
	EndGlobalSection
	GlobalSection(ProjectConfigurationPlatforms) = postSolution
		{5150735D-1BB6-48D0-AE5F-0B1A83C6AA1F}.Debug|Any CPU.ActiveCfg = Debug|Any CPU
		{5150735D-1BB6-48D0-AE5F-0B1A83C6AA1F}.Debug|Any CPU.Build.0 = Debug|Any CPU
		{5150735D-1BB6-48D0-AE5F-0B1A83C6AA1F}.Release|Any CPU.ActiveCfg = Release|Any CPU
		{5150735D-1BB6-48D0-AE5F-0B1A83C6AA1F}.Release|Any CPU.Build.0 = Release|Any CPU
		{F579A0A9-A90C-4944-BEE6-7B180E2399DB}.Debug|Any CPU.ActiveCfg = Debug|Any CPU
		{F579A0A9-A90C-4944-BEE6-7B180E2399DB}.Debug|Any CPU.Build.0 = Debug|Any CPU
		{F579A0A9-A90C-4944-BEE6-7B180E2399DB}.Release|Any CPU.ActiveCfg = Release|Any CPU
		{F579A0A9-A90C-4944-BEE6-7B180E2399DB}.Release|Any CPU.Build.0 = Release|Any CPU
		{A555CBF3-A371-4D61-A340-5FC436FC4E39}.Debug|Any CPU.ActiveCfg = Debug|Any CPU
		{A555CBF3-A371-4D61-A340-5FC436FC4E39}.Debug|Any CPU.Build.0 = Debug|Any CPU
		{A555CBF3-A371-4D61-A340-5FC436FC4E39}.Release|Any CPU.ActiveCfg = Release|Any CPU
		{A555CBF3-A371-4D61-A340-5FC436FC4E39}.Release|Any CPU.Build.0 = Release|Any CPU
		{231AA810-37C5-4E4C-ACD8-DFAF43164A76}.Debug|Any CPU.ActiveCfg = Debug|Any CPU
		{231AA810-37C5-4E4C-ACD8-DFAF43164A76}.Debug|Any CPU.Build.0 = Debug|Any CPU
		{231AA810-37C5-4E4C-ACD8-DFAF43164A76}.Release|Any CPU.ActiveCfg = Release|Any CPU
		{231AA810-37C5-4E4C-ACD8-DFAF43164A76}.Release|Any CPU.Build.0 = Release|Any CPU
		{7C00AB22-9D6D-4CB1-B172-E9C501EEA775}.Debug|Any CPU.ActiveCfg = Debug|Any CPU
		{7C00AB22-9D6D-4CB1-B172-E9C501EEA775}.Debug|Any CPU.Build.0 = Debug|Any CPU
		{7C00AB22-9D6D-4CB1-B172-E9C501EEA775}.Release|Any CPU.ActiveCfg = Release|Any CPU
		{7C00AB22-9D6D-4CB1-B172-E9C501EEA775}.Release|Any CPU.Build.0 = Release|Any CPU
		{A7A98B38-3907-4E2B-9256-5C0B0DF3903F}.Debug|Any CPU.ActiveCfg = Debug|Any CPU
		{A7A98B38-3907-4E2B-9256-5C0B0DF3903F}.Debug|Any CPU.Build.0 = Debug|Any CPU
		{A7A98B38-3907-4E2B-9256-5C0B0DF3903F}.Release|Any CPU.ActiveCfg = Release|Any CPU
		{A7A98B38-3907-4E2B-9256-5C0B0DF3903F}.Release|Any CPU.Build.0 = Release|Any CPU
		{37E19525-73C6-4E31-AE95-F402BB25953F}.Debug|Any CPU.ActiveCfg = Debug|Any CPU
		{37E19525-73C6-4E31-AE95-F402BB25953F}.Debug|Any CPU.Build.0 = Debug|Any CPU
		{37E19525-73C6-4E31-AE95-F402BB25953F}.Release|Any CPU.ActiveCfg = Release|Any CPU
		{37E19525-73C6-4E31-AE95-F402BB25953F}.Release|Any CPU.Build.0 = Release|Any CPU
		{74BD7E99-61EB-444C-8002-CD49818407DC}.Debug|Any CPU.ActiveCfg = Debug|Any CPU
		{74BD7E99-61EB-444C-8002-CD49818407DC}.Debug|Any CPU.Build.0 = Debug|Any CPU
		{74BD7E99-61EB-444C-8002-CD49818407DC}.Release|Any CPU.ActiveCfg = Release|Any CPU
		{74BD7E99-61EB-444C-8002-CD49818407DC}.Release|Any CPU.Build.0 = Release|Any CPU
		{80B99D95-B448-4ABB-AE65-408614FAE0FB}.Debug|Any CPU.ActiveCfg = Debug|Any CPU
		{80B99D95-B448-4ABB-AE65-408614FAE0FB}.Debug|Any CPU.Build.0 = Debug|Any CPU
		{80B99D95-B448-4ABB-AE65-408614FAE0FB}.Release|Any CPU.ActiveCfg = Release|Any CPU
		{80B99D95-B448-4ABB-AE65-408614FAE0FB}.Release|Any CPU.Build.0 = Release|Any CPU
		{07D7E7CF-F66A-4F0D-B061-1136B3BFC16B}.Debug|Any CPU.ActiveCfg = Debug|Any CPU
		{07D7E7CF-F66A-4F0D-B061-1136B3BFC16B}.Debug|Any CPU.Build.0 = Debug|Any CPU
		{07D7E7CF-F66A-4F0D-B061-1136B3BFC16B}.Release|Any CPU.ActiveCfg = Release|Any CPU
		{07D7E7CF-F66A-4F0D-B061-1136B3BFC16B}.Release|Any CPU.Build.0 = Release|Any CPU
	EndGlobalSection
	GlobalSection(SolutionProperties) = preSolution
		HideSolutionNode = FALSE
	EndGlobalSection
	GlobalSection(NestedProjects) = preSolution
		{5150735D-1BB6-48D0-AE5F-0B1A83C6AA1F} = {192C7E7E-95BB-47D1-B043-9CE0E3709FAD}
		{F579A0A9-A90C-4944-BEE6-7B180E2399DB} = {192C7E7E-95BB-47D1-B043-9CE0E3709FAD}
		{A555CBF3-A371-4D61-A340-5FC436FC4E39} = {192C7E7E-95BB-47D1-B043-9CE0E3709FAD}
		{231AA810-37C5-4E4C-ACD8-DFAF43164A76} = {192C7E7E-95BB-47D1-B043-9CE0E3709FAD}
		{7C00AB22-9D6D-4CB1-B172-E9C501EEA775} = {192C7E7E-95BB-47D1-B043-9CE0E3709FAD}
		{A7A98B38-3907-4E2B-9256-5C0B0DF3903F} = {192C7E7E-95BB-47D1-B043-9CE0E3709FAD}
		{37E19525-73C6-4E31-AE95-F402BB25953F} = {192C7E7E-95BB-47D1-B043-9CE0E3709FAD}
		{74BD7E99-61EB-444C-8002-CD49818407DC} = {192C7E7E-95BB-47D1-B043-9CE0E3709FAD}
		{80B99D95-B448-4ABB-AE65-408614FAE0FB} = {192C7E7E-95BB-47D1-B043-9CE0E3709FAD}
		{07D7E7CF-F66A-4F0D-B061-1136B3BFC16B} = {192C7E7E-95BB-47D1-B043-9CE0E3709FAD}
	EndGlobalSection
EndGlobal
