
Microsoft Visual Studio Solution File, Format Version 12.00
# Visual Studio 15
VisualStudioVersion = 15.0.26430.6
MinimumVisualStudioVersion = 10.0.40219.1
Project("{9A19103F-16F7-4668-BE54-9A1E7A4F7556}") = "Sakura.AspNetCore.Authentication.ExternalCookie", "Sakura.AspNetCore.Authentication.ExternalCookie\Sakura.AspNetCore.Authentication.ExternalCookie.csproj", "{590CF0F1-94D9-452E-850B-F4317948F964}"
EndProject
Project("{9A19103F-16F7-4668-BE54-9A1E7A4F7556}") = "Sakura.AspNetCore.Messages", "Sakura.AspNetCore.Messages\Sakura.AspNetCore.Messages.csproj", "{0503C0D3-7C16-4197-8A45-55A8D9FAF336}"
EndProject
Project("{9A19103F-16F7-4668-BE54-9A1E7A4F7556}") = "Sakura.AspNetCore.Messages.Abstractions", "Sakura.AspNetCore.Messages.Abstractions\Sakura.AspNetCore.Messages.Abstractions.csproj", "{376B4F2C-4F5B-45C8-8622-1EF87915CA2D}"
EndProject
Project("{9A19103F-16F7-4668-BE54-9A1E7A4F7556}") = "Sakura.AspNetCore.Mvc.ActionResultExceptionExtensions", "Sakura.AspNetCore.Mvc.ActionResultExceptionExtensions\Sakura.AspNetCore.Mvc.ActionResultExceptionExtensions.csproj", "{57C6025D-CA1C-47FB-A3E0-14F00E5CA42D}"
EndProject
Project("{9A19103F-16F7-4668-BE54-9A1E7A4F7556}") = "Sakura.AspNetCore.Mvc.Messages", "Sakura.AspNetCore.Mvc.Messages\Sakura.AspNetCore.Mvc.Messages.csproj", "{F33A9546-DCEE-4587-B4C3-6BC7C0A15781}"
EndProject
Project("{9A19103F-16F7-4668-BE54-9A1E7A4F7556}") = "Sakura.AspNetCore.Mvc.PagedList", "Sakura.AspNetCore.Mvc.PagedList\Sakura.AspNetCore.Mvc.PagedList.csproj", "{074CC00D-46C5-4ACF-8FE8-DA11FA6C62D2}"
EndProject
Project("{9A19103F-16F7-4668-BE54-9A1E7A4F7556}") = "Sakura.AspNetCore.Mvc.TagHelpers", "Sakura.AspNetCore.Mvc.TagHelpers\Sakura.AspNetCore.Mvc.TagHelpers.csproj", "{5CE9F1EB-B73B-424E-96BE-E1ADE49D1A87}"
EndProject
Project("{9A19103F-16F7-4668-BE54-9A1E7A4F7556}") = "Sakura.AspNetCore.Mvc.TempDataExtensions", "Sakura.AspNetCore.Mvc.TempDataExtensions\Sakura.AspNetCore.Mvc.TempDataExtensions.csproj", "{5C995A93-2867-4230-BCCB-9F966BAF9BB4}"
EndProject
Project("{9A19103F-16F7-4668-BE54-9A1E7A4F7556}") = "Sakura.AspNetCore.PagedList", "Sakura.AspNetCore.PagedList\Sakura.AspNetCore.PagedList.csproj", "{D6F2F3B1-A8F7-414A-888A-A6F8524D465B}"
EndProject
Project("{9A19103F-16F7-4668-BE54-9A1E7A4F7556}") = "Sakura.AspNetCore.PagedList.Abstractions", "Sakura.AspNetCore.PagedList.Abstractions\Sakura.AspNetCore.PagedList.Abstractions.csproj", "{A5254FCE-857E-44A3-A161-062358486099}"
EndProject
Project("{9A19103F-16F7-4668-BE54-9A1E7A4F7556}") = "Sakura.AspNetCore.PagedList.Async", "Sakura.AspNetCore.PagedList.Async\Sakura.AspNetCore.PagedList.Async.csproj", "{B192C312-8D65-4CDE-9146-A3379FD71F47}"
EndProject
Project("{9A19103F-16F7-4668-BE54-9A1E7A4F7556}") = "Sakura.AspNetCore.DynamicLocalizer", "Sakura.AspNetCore.DynamicLocalizer\Sakura.AspNetCore.DynamicLocalizer.csproj", "{A622B3F3-458E-4813-95F9-2AD4BDDC8A49}"
EndProject
Project("{FAE04EC0-301F-11D3-BF4B-00C04F79EFBC}") = "Sakura.EntityFrameworkCore.FromSqlExtensions", "Sakura.EntityFrameworkCore.FromSqlExtensions\Sakura.EntityFrameworkCore.FromSqlExtensions.csproj", "{56143555-9A12-4FD0-9447-A6831C7FEB17}"
EndProject
Global
	GlobalSection(SolutionConfigurationPlatforms) = preSolution
		Debug|Any CPU = Debug|Any CPU
		Release|Any CPU = Release|Any CPU
	EndGlobalSection
	GlobalSection(ProjectConfigurationPlatforms) = postSolution
		{590CF0F1-94D9-452E-850B-F4317948F964}.Debug|Any CPU.ActiveCfg = Debug|Any CPU
		{590CF0F1-94D9-452E-850B-F4317948F964}.Debug|Any CPU.Build.0 = Debug|Any CPU
		{590CF0F1-94D9-452E-850B-F4317948F964}.Release|Any CPU.ActiveCfg = Release|Any CPU
		{590CF0F1-94D9-452E-850B-F4317948F964}.Release|Any CPU.Build.0 = Release|Any CPU
		{0503C0D3-7C16-4197-8A45-55A8D9FAF336}.Debug|Any CPU.ActiveCfg = Debug|Any CPU
		{0503C0D3-7C16-4197-8A45-55A8D9FAF336}.Debug|Any CPU.Build.0 = Debug|Any CPU
		{0503C0D3-7C16-4197-8A45-55A8D9FAF336}.Release|Any CPU.ActiveCfg = Release|Any CPU
		{0503C0D3-7C16-4197-8A45-55A8D9FAF336}.Release|Any CPU.Build.0 = Release|Any CPU
		{376B4F2C-4F5B-45C8-8622-1EF87915CA2D}.Debug|Any CPU.ActiveCfg = Debug|Any CPU
		{376B4F2C-4F5B-45C8-8622-1EF87915CA2D}.Debug|Any CPU.Build.0 = Debug|Any CPU
		{376B4F2C-4F5B-45C8-8622-1EF87915CA2D}.Release|Any CPU.ActiveCfg = Release|Any CPU
		{376B4F2C-4F5B-45C8-8622-1EF87915CA2D}.Release|Any CPU.Build.0 = Release|Any CPU
		{57C6025D-CA1C-47FB-A3E0-14F00E5CA42D}.Debug|Any CPU.ActiveCfg = Debug|Any CPU
		{57C6025D-CA1C-47FB-A3E0-14F00E5CA42D}.Debug|Any CPU.Build.0 = Debug|Any CPU
		{57C6025D-CA1C-47FB-A3E0-14F00E5CA42D}.Release|Any CPU.ActiveCfg = Release|Any CPU
		{57C6025D-CA1C-47FB-A3E0-14F00E5CA42D}.Release|Any CPU.Build.0 = Release|Any CPU
		{F33A9546-DCEE-4587-B4C3-6BC7C0A15781}.Debug|Any CPU.ActiveCfg = Debug|Any CPU
		{F33A9546-DCEE-4587-B4C3-6BC7C0A15781}.Debug|Any CPU.Build.0 = Debug|Any CPU
		{F33A9546-DCEE-4587-B4C3-6BC7C0A15781}.Release|Any CPU.ActiveCfg = Release|Any CPU
		{F33A9546-DCEE-4587-B4C3-6BC7C0A15781}.Release|Any CPU.Build.0 = Release|Any CPU
		{074CC00D-46C5-4ACF-8FE8-DA11FA6C62D2}.Debug|Any CPU.ActiveCfg = Debug|Any CPU
		{074CC00D-46C5-4ACF-8FE8-DA11FA6C62D2}.Debug|Any CPU.Build.0 = Debug|Any CPU
		{074CC00D-46C5-4ACF-8FE8-DA11FA6C62D2}.Release|Any CPU.ActiveCfg = Release|Any CPU
		{074CC00D-46C5-4ACF-8FE8-DA11FA6C62D2}.Release|Any CPU.Build.0 = Release|Any CPU
		{5CE9F1EB-B73B-424E-96BE-E1ADE49D1A87}.Debug|Any CPU.ActiveCfg = Debug|Any CPU
		{5CE9F1EB-B73B-424E-96BE-E1ADE49D1A87}.Debug|Any CPU.Build.0 = Debug|Any CPU
		{5CE9F1EB-B73B-424E-96BE-E1ADE49D1A87}.Release|Any CPU.ActiveCfg = Release|Any CPU
		{5CE9F1EB-B73B-424E-96BE-E1ADE49D1A87}.Release|Any CPU.Build.0 = Release|Any CPU
		{5C995A93-2867-4230-BCCB-9F966BAF9BB4}.Debug|Any CPU.ActiveCfg = Debug|Any CPU
		{5C995A93-2867-4230-BCCB-9F966BAF9BB4}.Debug|Any CPU.Build.0 = Debug|Any CPU
		{5C995A93-2867-4230-BCCB-9F966BAF9BB4}.Release|Any CPU.ActiveCfg = Release|Any CPU
		{5C995A93-2867-4230-BCCB-9F966BAF9BB4}.Release|Any CPU.Build.0 = Release|Any CPU
		{D6F2F3B1-A8F7-414A-888A-A6F8524D465B}.Debug|Any CPU.ActiveCfg = Debug|Any CPU
		{D6F2F3B1-A8F7-414A-888A-A6F8524D465B}.Debug|Any CPU.Build.0 = Debug|Any CPU
		{D6F2F3B1-A8F7-414A-888A-A6F8524D465B}.Release|Any CPU.ActiveCfg = Release|Any CPU
		{D6F2F3B1-A8F7-414A-888A-A6F8524D465B}.Release|Any CPU.Build.0 = Release|Any CPU
		{A5254FCE-857E-44A3-A161-062358486099}.Debug|Any CPU.ActiveCfg = Debug|Any CPU
		{A5254FCE-857E-44A3-A161-062358486099}.Debug|Any CPU.Build.0 = Debug|Any CPU
		{A5254FCE-857E-44A3-A161-062358486099}.Release|Any CPU.ActiveCfg = Release|Any CPU
		{A5254FCE-857E-44A3-A161-062358486099}.Release|Any CPU.Build.0 = Release|Any CPU
		{B192C312-8D65-4CDE-9146-A3379FD71F47}.Debug|Any CPU.ActiveCfg = Debug|Any CPU
		{B192C312-8D65-4CDE-9146-A3379FD71F47}.Debug|Any CPU.Build.0 = Debug|Any CPU
		{B192C312-8D65-4CDE-9146-A3379FD71F47}.Release|Any CPU.ActiveCfg = Release|Any CPU
		{B192C312-8D65-4CDE-9146-A3379FD71F47}.Release|Any CPU.Build.0 = Release|Any CPU
		{A622B3F3-458E-4813-95F9-2AD4BDDC8A49}.Debug|Any CPU.ActiveCfg = Debug|Any CPU
		{A622B3F3-458E-4813-95F9-2AD4BDDC8A49}.Debug|Any CPU.Build.0 = Debug|Any CPU
		{A622B3F3-458E-4813-95F9-2AD4BDDC8A49}.Release|Any CPU.ActiveCfg = Release|Any CPU
		{A622B3F3-458E-4813-95F9-2AD4BDDC8A49}.Release|Any CPU.Build.0 = Release|Any CPU
		{56143555-9A12-4FD0-9447-A6831C7FEB17}.Debug|Any CPU.ActiveCfg = Debug|Any CPU
		{56143555-9A12-4FD0-9447-A6831C7FEB17}.Debug|Any CPU.Build.0 = Debug|Any CPU
		{56143555-9A12-4FD0-9447-A6831C7FEB17}.Release|Any CPU.ActiveCfg = Release|Any CPU
		{56143555-9A12-4FD0-9447-A6831C7FEB17}.Release|Any CPU.Build.0 = Release|Any CPU
	EndGlobalSection
	GlobalSection(SolutionProperties) = preSolution
		HideSolutionNode = FALSE
	EndGlobalSection
	GlobalSection(ExtensibilityGlobals) = postSolution
		SolutionGuid = {80507D33-E191-4B8A-9100-13E2BB921706}
	EndGlobalSection
EndGlobal
